
Microsoft Visual Studio Solution File, Format Version 12.00
# Visual Studio Version 17
VisualStudioVersion = 17.3.32825.248
MinimumVisualStudioVersion = 10.0.40219.1
Project("{9A19103F-16F7-4668-BE54-9A1E7A4F7556}") = "ContosoFunctionApp", "src\ContosoFunctionApp\ContosoFunctionApp.csproj", "{69C01AD1-A6D5-41B8-A2D7-0C43194039A5}"
EndProject
Project("{FAE04EC0-301F-11D3-BF4B-00C04F79EFBC}") = "NorthwindFunctionApp", "src\NorthwindFunctionApp\NorthwindFunctionApp.csproj", "{87A5622E-44FD-4E34-BDC0-8EE818068C2A}"
EndProject
Global
	GlobalSection(SolutionConfigurationPlatforms) = preSolution
		Debug|Any CPU = Debug|Any CPU
		Release|Any CPU = Release|Any CPU
	EndGlobalSection
	GlobalSection(ProjectConfigurationPlatforms) = postSolution
		{69C01AD1-A6D5-41B8-A2D7-0C43194039A5}.Debug|Any CPU.ActiveCfg = Debug|Any CPU
		{69C01AD1-A6D5-41B8-A2D7-0C43194039A5}.Debug|Any CPU.Build.0 = Debug|Any CPU
		{69C01AD1-A6D5-41B8-A2D7-0C43194039A5}.Release|Any CPU.ActiveCfg = Release|Any CPU
		{69C01AD1-A6D5-41B8-A2D7-0C43194039A5}.Release|Any CPU.Build.0 = Release|Any CPU
		{87A5622E-44FD-4E34-BDC0-8EE818068C2A}.Debug|Any CPU.ActiveCfg = Debug|Any CPU
		{87A5622E-44FD-4E34-BDC0-8EE818068C2A}.Debug|Any CPU.Build.0 = Debug|Any CPU
		{87A5622E-44FD-4E34-BDC0-8EE818068C2A}.Release|Any CPU.ActiveCfg = Release|Any CPU
		{87A5622E-44FD-4E34-BDC0-8EE818068C2A}.Release|Any CPU.Build.0 = Release|Any CPU
	EndGlobalSection
	GlobalSection(SolutionProperties) = preSolution
		HideSolutionNode = FALSE
	EndGlobalSection
	GlobalSection(ExtensibilityGlobals) = postSolution
		SolutionGuid = {7C404D0E-6324-42D0-B2D8-4212997AD6C0}
	EndGlobalSection
EndGlobal
